
Microsoft Visual Studio Solution File, Format Version 11.00
# Visual Studio 2010
Project("{8BC9CEB8-8B4A-11D0-8D11-00A0C91BC942}") = "CadIO", "..\CadIO\CadIO.vcxproj", "{01960141-3A0E-9B04-29D9-60D996C0AEB1}"
EndProject
Project("{8BC9CEB8-8B4A-11D0-8D11-00A0C91BC942}") = "Test", "Test.vcxproj", "{B32D2080-1AED-893A-E88C-549AEAD88158}"
	ProjectSection(ProjectDependencies) = postProject
		{01960141-3A0E-9B04-29D9-60D996C0AEB1} = {01960141-3A0E-9B04-29D9-60D996C0AEB1}
	EndProjectSection
EndProject
Global
	GlobalSection(SolutionConfigurationPlatforms) = preSolution
		Debug|Win32 = Debug|Win32
		Release|Win32 = Release|Win32
		Template|Win32 = Template|Win32
	EndGlobalSection
	GlobalSection(ProjectConfigurationPlatforms) = postSolution
		{01960141-3A0E-9B04-29D9-60D996C0AEB1}.Debug|Win32.ActiveCfg = Debug|Win32
		{01960141-3A0E-9B04-29D9-60D996C0AEB1}.Debug|Win32.Build.0 = Debug|Win32
		{01960141-3A0E-9B04-29D9-60D996C0AEB1}.Release|Win32.ActiveCfg = Release|Win32
		{01960141-3A0E-9B04-29D9-60D996C0AEB1}.Release|Win32.Build.0 = Release|Win32
		{01960141-3A0E-9B04-29D9-60D996C0AEB1}.Template|Win32.ActiveCfg = Release|Win32
		{01960141-3A0E-9B04-29D9-60D996C0AEB1}.Template|Win32.Build.0 = Release|Win32
		{B32D2080-1AED-893A-E88C-549AEAD88158}.Debug|Win32.ActiveCfg = Debug|Win32
		{B32D2080-1AED-893A-E88C-549AEAD88158}.Debug|Win32.Build.0 = Debug|Win32
		{B32D2080-1AED-893A-E88C-549AEAD88158}.Release|Win32.ActiveCfg = Release|Win32
		{B32D2080-1AED-893A-E88C-549AEAD88158}.Release|Win32.Build.0 = Release|Win32
		{B32D2080-1AED-893A-E88C-549AEAD88158}.Template|Win32.ActiveCfg = Template|Win32
		{B32D2080-1AED-893A-E88C-549AEAD88158}.Template|Win32.Build.0 = Template|Win32
	EndGlobalSection
	GlobalSection(SolutionProperties) = preSolution
		HideSolutionNode = FALSE
	EndGlobalSection
EndGlobal
